{
  "name": "CryptoBook",
  "lockfileVersion": 2,
  "requires": true,
  "packages": {
    "": {
      "dependencies": {
        "geth": "^0.4.0"
      }
    },
    "node_modules/geth": {
      "version": "0.4.0",
      "resolved": "https://registry.npmjs.org/geth/-/geth-0.4.0.tgz",
      "integrity": "sha512-tS44TSnoSKjAK3kKrv7wP/E2YYEZ1ZikowMRgkuXYz3AxWIVC4em+aEmODv2+rIIkUX1veVwb54Nz1XZzBf7Rw=="
    }
  },
  "dependencies": {
    "geth": {
      "version": "0.4.0",
      "resolved": "https://registry.npmjs.org/geth/-/geth-0.4.0.tgz",
      "integrity": "sha512-tS44TSnoSKjAK3kKrv7wP/E2YYEZ1ZikowMRgkuXYz3AxWIVC4em+aEmODv2+rIIkUX1veVwb54Nz1XZzBf7Rw=="
    }
  }
}
